
Microsoft Visual Studio Solution File, Format Version 12.00
# Visual Studio Version 17
VisualStudioVersion = 17.12.35707.178
MinimumVisualStudioVersion = 10.0.40219.1
Project("{FAE04EC0-301F-11D3-BF4B-00C04F79EFBC}") = "Library", "Biblioteka\Library.csproj", "{65099843-D4DE-4727-950C-933DAD6D07AA}"
EndProject
Global
	GlobalSection(SolutionConfigurationPlatforms) = preSolution
		Debug|Any CPU = Debug|Any CPU
		Release|Any CPU = Release|Any CPU
	EndGlobalSection
	GlobalSection(ProjectConfigurationPlatforms) = postSolution
		{65099843-D4DE-4727-950C-933DAD6D07AA}.Debug|Any CPU.ActiveCfg = Debug|Any CPU
		{65099843-D4DE-4727-950C-933DAD6D07AA}.Debug|Any CPU.Build.0 = Debug|Any CPU
		{65099843-D4DE-4727-950C-933DAD6D07AA}.Release|Any CPU.ActiveCfg = Release|Any CPU
		{65099843-D4DE-4727-950C-933DAD6D07AA}.Release|Any CPU.Build.0 = Release|Any CPU
	EndGlobalSection
	GlobalSection(SolutionProperties) = preSolution
		HideSolutionNode = FALSE
	EndGlobalSection
EndGlobal
